
Microsoft Visual Studio Solution File, Format Version 12.00
# Visual Studio Version 17
VisualStudioVersion = 17.11.35222.181
MinimumVisualStudioVersion = 10.0.40219.1
Project("{FAE04EC0-301F-11D3-BF4B-00C04F79EFBC}") = "WebApplication10", "WebApplication10\WebApplication10.csproj", "{18FEB5F0-FBA2-41E7-906B-49E3A231FA53}"
EndProject
Global
	GlobalSection(SolutionConfigurationPlatforms) = preSolution
		Debug|Any CPU = Debug|Any CPU
		Release|Any CPU = Release|Any CPU
	EndGlobalSection
	GlobalSection(ProjectConfigurationPlatforms) = postSolution
		{18FEB5F0-FBA2-41E7-906B-49E3A231FA53}.Debug|Any CPU.ActiveCfg = Debug|Any CPU
		{18FEB5F0-FBA2-41E7-906B-49E3A231FA53}.Debug|Any CPU.Build.0 = Debug|Any CPU
		{18FEB5F0-FBA2-41E7-906B-49E3A231FA53}.Release|Any CPU.ActiveCfg = Release|Any CPU
		{18FEB5F0-FBA2-41E7-906B-49E3A231FA53}.Release|Any CPU.Build.0 = Release|Any CPU
	EndGlobalSection
	GlobalSection(SolutionProperties) = preSolution
		HideSolutionNode = FALSE
	EndGlobalSection
	GlobalSection(ExtensibilityGlobals) = postSolution
		SolutionGuid = {4F0318FC-7C8B-4353-A20C-43905DEA4A87}
	EndGlobalSection
EndGlobal
